// !$*UTF8*$!
{
	archiveVersion = 1;
	classes = {
	};
	objectVersion = 51;
	objects = {

/* Begin PBXBuildFile section */
		5FB64FE786DB5A4418433795 /* libPods-PlatziTweets.a in Frameworks */ = {isa = PBXBuildFile; fileRef = D976A4685ADCA36C7C292F27 /* libPods-PlatziTweets.a */; };
		CF16ABEE24146C8E002C0DA1 /* AppDelegate.swift in Sources */ = {isa = PBXBuildFile; fileRef = CF16ABED24146C8E002C0DA1 /* AppDelegate.swift */; };
		CF16ABF724146C8F002C0DA1 /* Assets.xcassets in Resources */ = {isa = PBXBuildFile; fileRef = CF16ABF624146C8F002C0DA1 /* Assets.xcassets */; };
		CF16ABFA24146C8F002C0DA1 /* LaunchScreen.storyboard in Resources */ = {isa = PBXBuildFile; fileRef = CF16ABF824146C8F002C0DA1 /* LaunchScreen.storyboard */; };
		CF16AC052414705B002C0DA1 /* Welcome.storyboard in Resources */ = {isa = PBXBuildFile; fileRef = CF16AC042414705B002C0DA1 /* Welcome.storyboard */; };
		CF5F5AD5241880AC00ED649F /* TweetTableViewCell.swift in Sources */ = {isa = PBXBuildFile; fileRef = CF5F5AD3241880AC00ED649F /* TweetTableViewCell.swift */; };
		CF5F5AD6241880AC00ED649F /* TweetTableViewCell.xib in Resources */ = {isa = PBXBuildFile; fileRef = CF5F5AD4241880AC00ED649F /* TweetTableViewCell.xib */; };
		CF5F5AD82418818A00ED649F /* HomeViewController.swift in Sources */ = {isa = PBXBuildFile; fileRef = CF5F5AD72418818A00ED649F /* HomeViewController.swift */; };
		CF5F5ADA2418871300ED649F /* AddPostViewController.swift in Sources */ = {isa = PBXBuildFile; fileRef = CF5F5AD92418871300ED649F /* AddPostViewController.swift */; };
		CF6FADF2241B3EE900551341 /* GoogleService-Info.plist in Resources */ = {isa = PBXBuildFile; fileRef = CF6FADF1241B3EE900551341 /* GoogleService-Info.plist */; };
		CFAE83B024154610007DB231 /* WelcomeViewController.swift in Sources */ = {isa = PBXBuildFile; fileRef = CFAE83AF24154610007DB231 /* WelcomeViewController.swift */; };
		CFAE83B224154624007DB231 /* LoginViewController.swift in Sources */ = {isa = PBXBuildFile; fileRef = CFAE83B124154624007DB231 /* LoginViewController.swift */; };
		CFAE83B424154636007DB231 /* RegisterViewController.swift in Sources */ = {isa = PBXBuildFile; fileRef = CFAE83B324154636007DB231 /* RegisterViewController.swift */; };
		CFAE83B724154FC5007DB231 /* Home.storyboard in Resources */ = {isa = PBXBuildFile; fileRef = CFAE83B624154FC5007DB231 /* Home.storyboard */; };
		CFAE83BA241552EB007DB231 /* EndPoints.swift in Sources */ = {isa = PBXBuildFile; fileRef = CFAE83B9241552EB007DB231 /* EndPoints.swift */; };
		CFAE83BD241554EE007DB231 /* LoginRequest.swift in Sources */ = {isa = PBXBuildFile; fileRef = CFAE83BC241554EE007DB231 /* LoginRequest.swift */; };
		CFAE83BF24155536007DB231 /* LoginResponse.swift in Sources */ = {isa = PBXBuildFile; fileRef = CFAE83BE24155536007DB231 /* LoginResponse.swift */; };
		CFAE83C124155584007DB231 /* User.swift in Sources */ = {isa = PBXBuildFile; fileRef = CFAE83C024155584007DB231 /* User.swift */; };
		CFAE83C6241556D0007DB231 /* ErrorResponse.swift in Sources */ = {isa = PBXBuildFile; fileRef = CFAE83C5241556D0007DB231 /* ErrorResponse.swift */; };
		CFAE83C8241556FF007DB231 /* GeneralResponse.swift in Sources */ = {isa = PBXBuildFile; fileRef = CFAE83C7241556FF007DB231 /* GeneralResponse.swift */; };
		CFAE83CA24155756007DB231 /* RegisterRequest.swift in Sources */ = {isa = PBXBuildFile; fileRef = CFAE83C924155756007DB231 /* RegisterRequest.swift */; };
		CFAE83CC2415592F007DB231 /* PostRequest.swift in Sources */ = {isa = PBXBuildFile; fileRef = CFAE83CB2415592F007DB231 /* PostRequest.swift */; };
		CFAE83CE24155988007DB231 /* PostRequestLocation.swift in Sources */ = {isa = PBXBuildFile; fileRef = CFAE83CD24155988007DB231 /* PostRequestLocation.swift */; };
		CFAE83D0241559E5007DB231 /* Post.swift in Sources */ = {isa = PBXBuildFile; fileRef = CFAE83CF241559E5007DB231 /* Post.swift */; };
		CFAE83D224155AB3007DB231 /* PostLocation.swift in Sources */ = {isa = PBXBuildFile; fileRef = CFAE83D124155AB3007DB231 /* PostLocation.swift */; };
/* End PBXBuildFile section */

/* Begin PBXFileReference section */
		CE977E0DAC722006A83C2605 /* Pods-PlatziTweets.debug.xcconfig */ = {isa = PBXFileReference; includeInIndex = 1; lastKnownFileType = text.xcconfig; name = "Pods-PlatziTweets.debug.xcconfig"; path = "Target Support Files/Pods-PlatziTweets/Pods-PlatziTweets.debug.xcconfig"; sourceTree = "<group>"; };
		CF16ABEA24146C8E002C0DA1 /* PlatziTweets.app */ = {isa = PBXFileReference; explicitFileType = wrapper.application; includeInIndex = 0; path = PlatziTweets.app; sourceTree = BUILT_PRODUCTS_DIR; };
		CF16ABED24146C8E002C0DA1 /* AppDelegate.swift */ = {isa = PBXFileReference; lastKnownFileType = sourcecode.swift; path = AppDelegate.swift; sourceTree = "<group>"; };
		CF16ABF624146C8F002C0DA1 /* Assets.xcassets */ = {isa = PBXFileReference; lastKnownFileType = folder.assetcatalog; path = Assets.xcassets; sourceTree = "<group>"; };
		CF16ABF924146C8F002C0DA1 /* Base */ = {isa = PBXFileReference; lastKnownFileType = file.storyboard; name = Base; path = Base.lproj/LaunchScreen.storyboard; sourceTree = "<group>"; };
		CF16ABFB24146C8F002C0DA1 /* Info.plist */ = {isa = PBXFileReference; lastKnownFileType = text.plist.xml; path = Info.plist; sourceTree = "<group>"; };
		CF16AC042414705B002C0DA1 /* Welcome.storyboard */ = {isa = PBXFileReference; lastKnownFileType = file.storyboard; path = Welcome.storyboard; sourceTree = "<group>"; };
		CF5F5AD3241880AC00ED649F /* TweetTableViewCell.swift */ = {isa = PBXFileReference; lastKnownFileType = sourcecode.swift; path = TweetTableViewCell.swift; sourceTree = "<group>"; };
		CF5F5AD4241880AC00ED649F /* TweetTableViewCell.xib */ = {isa = PBXFileReference; lastKnownFileType = file.xib; path = TweetTableViewCell.xib; sourceTree = "<group>"; };
		CF5F5AD72418818A00ED649F /* HomeViewController.swift */ = {isa = PBXFileReference; lastKnownFileType = sourcecode.swift; path = HomeViewController.swift; sourceTree = "<group>"; };
		CF5F5AD92418871300ED649F /* AddPostViewController.swift */ = {isa = PBXFileReference; lastKnownFileType = sourcecode.swift; path = AddPostViewController.swift; sourceTree = "<group>"; };
		CF6FADF1241B3EE900551341 /* GoogleService-Info.plist */ = {isa = PBXFileReference; fileEncoding = 4; lastKnownFileType = text.plist.xml; path = "GoogleService-Info.plist"; sourceTree = "<group>"; };
		CFAE83AF24154610007DB231 /* WelcomeViewController.swift */ = {isa = PBXFileReference; lastKnownFileType = sourcecode.swift; path = WelcomeViewController.swift; sourceTree = "<group>"; };
		CFAE83B124154624007DB231 /* LoginViewController.swift */ = {isa = PBXFileReference; lastKnownFileType = sourcecode.swift; path = LoginViewController.swift; sourceTree = "<group>"; };
		CFAE83B324154636007DB231 /* RegisterViewController.swift */ = {isa = PBXFileReference; lastKnownFileType = sourcecode.swift; path = RegisterViewController.swift; sourceTree = "<group>"; };
		CFAE83B624154FC5007DB231 /* Home.storyboard */ = {isa = PBXFileReference; lastKnownFileType = file.storyboard; path = Home.storyboard; sourceTree = "<group>"; };
		CFAE83B9241552EB007DB231 /* EndPoints.swift */ = {isa = PBXFileReference; lastKnownFileType = sourcecode.swift; path = EndPoints.swift; sourceTree = "<group>"; };
		CFAE83BC241554EE007DB231 /* LoginRequest.swift */ = {isa = PBXFileReference; lastKnownFileType = sourcecode.swift; path = LoginRequest.swift; sourceTree = "<group>"; };
		CFAE83BE24155536007DB231 /* LoginResponse.swift */ = {isa = PBXFileReference; lastKnownFileType = sourcecode.swift; path = LoginResponse.swift; sourceTree = "<group>"; };
		CFAE83C024155584007DB231 /* User.swift */ = {isa = PBXFileReference; lastKnownFileType = sourcecode.swift; path = User.swift; sourceTree = "<group>"; };
		CFAE83C5241556D0007DB231 /* ErrorResponse.swift */ = {isa = PBXFileReference; lastKnownFileType = sourcecode.swift; path = ErrorResponse.swift; sourceTree = "<group>"; };
		CFAE83C7241556FF007DB231 /* GeneralResponse.swift */ = {isa = PBXFileReference; lastKnownFileType = sourcecode.swift; path = GeneralResponse.swift; sourceTree = "<group>"; };
		CFAE83C924155756007DB231 /* RegisterRequest.swift */ = {isa = PBXFileReference; lastKnownFileType = sourcecode.swift; path = RegisterRequest.swift; sourceTree = "<group>"; };
		CFAE83CB2415592F007DB231 /* PostRequest.swift */ = {isa = PBXFileReference; lastKnownFileType = sourcecode.swift; path = PostRequest.swift; sourceTree = "<group>"; };
		CFAE83CD24155988007DB231 /* PostRequestLocation.swift */ = {isa = PBXFileReference; lastKnownFileType = sourcecode.swift; path = PostRequestLocation.swift; sourceTree = "<group>"; };
		CFAE83CF241559E5007DB231 /* Post.swift */ = {isa = PBXFileReference; lastKnownFileType = sourcecode.swift; path = Post.swift; sourceTree = "<group>"; };
		CFAE83D124155AB3007DB231 /* PostLocation.swift */ = {isa = PBXFileReference; lastKnownFileType = sourcecode.swift; path = PostLocation.swift; sourceTree = "<group>"; };
		D976A4685ADCA36C7C292F27 /* libPods-PlatziTweets.a */ = {isa = PBXFileReference; explicitFileType = archive.ar; includeInIndex = 0; path = "libPods-PlatziTweets.a"; sourceTree = BUILT_PRODUCTS_DIR; };
		F4A9FC58DEC8A91C390196B0 /* Pods-PlatziTweets.release.xcconfig */ = {isa = PBXFileReference; includeInIndex = 1; lastKnownFileType = text.xcconfig; name = "Pods-PlatziTweets.release.xcconfig"; path = "Target Support Files/Pods-PlatziTweets/Pods-PlatziTweets.release.xcconfig"; sourceTree = "<group>"; };
/* End PBXFileReference section */

/* Begin PBXFrameworksBuildPhase section */
		CF16ABE724146C8E002C0DA1 /* Frameworks */ = {
			isa = PBXFrameworksBuildPhase;
			buildActionMask = 2147483647;
			files = (
				5FB64FE786DB5A4418433795 /* libPods-PlatziTweets.a in Frameworks */,
			);
			runOnlyForDeploymentPostprocessing = 0;
		};
/* End PBXFrameworksBuildPhase section */

/* Begin PBXGroup section */
		94E3043D4459B9701C46C639 /* Frameworks */ = {
			isa = PBXGroup;
			children = (
				D976A4685ADCA36C7C292F27 /* libPods-PlatziTweets.a */,
			);
			name = Frameworks;
			sourceTree = "<group>";
		};
		A54D8A09281B7160F59D871D /* Pods */ = {
			isa = PBXGroup;
			children = (
				CE977E0DAC722006A83C2605 /* Pods-PlatziTweets.debug.xcconfig */,
				F4A9FC58DEC8A91C390196B0 /* Pods-PlatziTweets.release.xcconfig */,
			);
			path = Pods;
			sourceTree = "<group>";
		};
		CF16ABE124146C8E002C0DA1 = {
			isa = PBXGroup;
			children = (
				CF16ABEC24146C8E002C0DA1 /* PlatziTweets */,
				CF16ABEB24146C8E002C0DA1 /* Products */,
				A54D8A09281B7160F59D871D /* Pods */,
				94E3043D4459B9701C46C639 /* Frameworks */,
			);
			sourceTree = "<group>";
		};
		CF16ABEB24146C8E002C0DA1 /* Products */ = {
			isa = PBXGroup;
			children = (
				CF16ABEA24146C8E002C0DA1 /* PlatziTweets.app */,
			);
			name = Products;
			sourceTree = "<group>";
		};
		CF16ABEC24146C8E002C0DA1 /* PlatziTweets */ = {
			isa = PBXGroup;
			children = (
				CF16AC022414701C002C0DA1 /* Modules */,
				CF16AC0124146FF5002C0DA1 /* Commons */,
				CF16ABFB24146C8F002C0DA1 /* Info.plist */,
				CF6FADF1241B3EE900551341 /* GoogleService-Info.plist */,
			);
			path = PlatziTweets;
			sourceTree = "<group>";
		};
		CF16AC0124146FF5002C0DA1 /* Commons */ = {
			isa = PBXGroup;
			children = (
				CFAE83B9241552EB007DB231 /* EndPoints.swift */,
				CFAE83B8241552C8007DB231 /* Endpoints */,
				CFAE83C224155659007DB231 /* Models */,
				CF16ABED24146C8E002C0DA1 /* AppDelegate.swift */,
				CF16ABF624146C8F002C0DA1 /* Assets.xcassets */,
				CF16ABF824146C8F002C0DA1 /* LaunchScreen.storyboard */,
			);
			path = Commons;
			sourceTree = "<group>";
		};
		CF16AC022414701C002C0DA1 /* Modules */ = {
			isa = PBXGroup;
			children = (
				CFAE83B524154FB1007DB231 /* Home */,
				CF16AC032414703F002C0DA1 /* Welcome */,
			);
			path = Modules;
			sourceTree = "<group>";
		};
		CF16AC032414703F002C0DA1 /* Welcome */ = {
			isa = PBXGroup;
			children = (
				CF16AC042414705B002C0DA1 /* Welcome.storyboard */,
				CFAE83AF24154610007DB231 /* WelcomeViewController.swift */,
				CFAE83B124154624007DB231 /* LoginViewController.swift */,
				CFAE83B324154636007DB231 /* RegisterViewController.swift */,
			);
			path = Welcome;
			sourceTree = "<group>";
		};
		CFAA35DD2418800200306784 /* Cells */ = {
			isa = PBXGroup;
			children = (
				CF5F5AD3241880AC00ED649F /* TweetTableViewCell.swift */,
				CF5F5AD4241880AC00ED649F /* TweetTableViewCell.xib */,
			);
			path = Cells;
			sourceTree = "<group>";
		};
		CFAE83B524154FB1007DB231 /* Home */ = {
			isa = PBXGroup;
			children = (
				CFAA35DD2418800200306784 /* Cells */,
				CFAE83B624154FC5007DB231 /* Home.storyboard */,
				CF5F5AD72418818A00ED649F /* HomeViewController.swift */,
				CF5F5AD92418871300ED649F /* AddPostViewController.swift */,
			);
			path = Home;
			sourceTree = "<group>";
		};
		CFAE83B8241552C8007DB231 /* Endpoints */ = {
			isa = PBXGroup;
			children = (
			);
			path = Endpoints;
			sourceTree = "<group>";
		};
		CFAE83C224155659007DB231 /* Models */ = {
			isa = PBXGroup;
			children = (
				CFAE83C324155662007DB231 /* Responses */,
				CFAE83C42415566B007DB231 /* Request */,
				CFAE83CF241559E5007DB231 /* Post.swift */,
				CFAE83C024155584007DB231 /* User.swift */,
				CFAE83D124155AB3007DB231 /* PostLocation.swift */,
			);
			path = Models;
			sourceTree = "<group>";
		};
		CFAE83C324155662007DB231 /* Responses */ = {
			isa = PBXGroup;
			children = (
				CFAE83BE24155536007DB231 /* LoginResponse.swift */,
				CFAE83C5241556D0007DB231 /* ErrorResponse.swift */,
				CFAE83C7241556FF007DB231 /* GeneralResponse.swift */,
			);
			path = Responses;
			sourceTree = "<group>";
		};
		CFAE83C42415566B007DB231 /* Request */ = {
			isa = PBXGroup;
			children = (
				CFAE83BC241554EE007DB231 /* LoginRequest.swift */,
				CFAE83C924155756007DB231 /* RegisterRequest.swift */,
				CFAE83CB2415592F007DB231 /* PostRequest.swift */,
				CFAE83CD24155988007DB231 /* PostRequestLocation.swift */,
			);
			path = Request;
			sourceTree = "<group>";
		};
/* End PBXGroup section */

/* Begin PBXNativeTarget section */
		CF16ABE924146C8E002C0DA1 /* PlatziTweets */ = {
			isa = PBXNativeTarget;
			buildConfigurationList = CF16ABFE24146C8F002C0DA1 /* Build configuration list for PBXNativeTarget "PlatziTweets" */;
			buildPhases = (
				1A61FA294A5336E79CA53230 /* [CP] Check Pods Manifest.lock */,
				CF16ABE624146C8E002C0DA1 /* Sources */,
				CF16ABE724146C8E002C0DA1 /* Frameworks */,
				CF16ABE824146C8E002C0DA1 /* Resources */,
				F8DBE16525C4A308CE7871E7 /* [CP] Copy Pods Resources */,
			);
			buildRules = (
			);
			dependencies = (
			);
			name = PlatziTweets;
			productName = PlatziTweets;
			productReference = CF16ABEA24146C8E002C0DA1 /* PlatziTweets.app */;
			productType = "com.apple.product-type.application";
		};
/* End PBXNativeTarget section */

/* Begin PBXProject section */
		CF16ABE224146C8E002C0DA1 /* Project object */ = {
			isa = PBXProject;
			attributes = {
				LastSwiftUpdateCheck = 1130;
				LastUpgradeCheck = 1130;
				ORGANIZATIONNAME = "José Javier Cueto Mejía";
				TargetAttributes = {
					CF16ABE924146C8E002C0DA1 = {
						CreatedOnToolsVersion = 11.3.1;
					};
				};
			};
			buildConfigurationList = CF16ABE524146C8E002C0DA1 /* Build configuration list for PBXProject "PlatziTweets" */;
			compatibilityVersion = "Xcode 9.3";
			developmentRegion = en;
			hasScannedForEncodings = 0;
			knownRegions = (
				en,
				Base,
			);
			mainGroup = CF16ABE124146C8E002C0DA1;
			productRefGroup = CF16ABEB24146C8E002C0DA1 /* Products */;
			projectDirPath = "";
			projectRoot = "";
			targets = (
				CF16ABE924146C8E002C0DA1 /* PlatziTweets */,
			);
		};
/* End PBXProject section */

/* Begin PBXResourcesBuildPhase section */
		CF16ABE824146C8E002C0DA1 /* Resources */ = {
			isa = PBXResourcesBuildPhase;
			buildActionMask = 2147483647;
			files = (
				CF5F5AD6241880AC00ED649F /* TweetTableViewCell.xib in Resources */,
				CF16ABFA24146C8F002C0DA1 /* LaunchScreen.storyboard in Resources */,
				CF16ABF724146C8F002C0DA1 /* Assets.xcassets in Resources */,
				CF16AC052414705B002C0DA1 /* Welcome.storyboard in Resources */,
				CFAE83B724154FC5007DB231 /* Home.storyboard in Resources */,
				CF6FADF2241B3EE900551341 /* GoogleService-Info.plist in Resources */,
			);
			runOnlyForDeploymentPostprocessing = 0;
		};
/* End PBXResourcesBuildPhase section */

/* Begin PBXShellScriptBuildPhase section */
		1A61FA294A5336E79CA53230 /* [CP] Check Pods Manifest.lock */ = {
			isa = PBXShellScriptBuildPhase;
			buildActionMask = 2147483647;
			files = (
			);
			inputFileListPaths = (
			);
			inputPaths = (
				"${PODS_PODFILE_DIR_PATH}/Podfile.lock",
				"${PODS_ROOT}/Manifest.lock",
			);
			name = "[CP] Check Pods Manifest.lock";
			outputFileListPaths = (
			);
			outputPaths = (
				"$(DERIVED_FILE_DIR)/Pods-PlatziTweets-checkManifestLockResult.txt",
			);
			runOnlyForDeploymentPostprocessing = 0;
			shellPath = /bin/sh;
			shellScript = "diff \"${PODS_PODFILE_DIR_PATH}/Podfile.lock\" \"${PODS_ROOT}/Manifest.lock\" > /dev/null\nif [ $? != 0 ] ; then\n    # print error to STDERR\n    echo \"error: The sandbox is not in sync with the Podfile.lock. Run 'pod install' or update your CocoaPods installation.\" >&2\n    exit 1\nfi\n# This output is used by Xcode 'outputs' to avoid re-running this script phase.\necho \"SUCCESS\" > \"${SCRIPT_OUTPUT_FILE_0}\"\n";
			showEnvVarsInLog = 0;
		};
		F8DBE16525C4A308CE7871E7 /* [CP] Copy Pods Resources */ = {
			isa = PBXShellScriptBuildPhase;
			buildActionMask = 2147483647;
			files = (
			);
			inputFileListPaths = (
				"${PODS_ROOT}/Target Support Files/Pods-PlatziTweets/Pods-PlatziTweets-resources-${CONFIGURATION}-input-files.xcfilelist",
			);
			name = "[CP] Copy Pods Resources";
			outputFileListPaths = (
				"${PODS_ROOT}/Target Support Files/Pods-PlatziTweets/Pods-PlatziTweets-resources-${CONFIGURATION}-output-files.xcfilelist",
			);
			runOnlyForDeploymentPostprocessing = 0;
			shellPath = /bin/sh;
			shellScript = "\"${PODS_ROOT}/Target Support Files/Pods-PlatziTweets/Pods-PlatziTweets-resources.sh\"\n";
			showEnvVarsInLog = 0;
		};
/* End PBXShellScriptBuildPhase section */

/* Begin PBXSourcesBuildPhase section */
		CF16ABE624146C8E002C0DA1 /* Sources */ = {
			isa = PBXSourcesBuildPhase;
			buildActionMask = 2147483647;
			files = (
				CFAE83B224154624007DB231 /* LoginViewController.swift in Sources */,
				CFAE83CA24155756007DB231 /* RegisterRequest.swift in Sources */,
				CFAE83CE24155988007DB231 /* PostRequestLocation.swift in Sources */,
				CF5F5AD82418818A00ED649F /* HomeViewController.swift in Sources */,
				CFAE83B424154636007DB231 /* RegisterViewController.swift in Sources */,
				CFAE83B024154610007DB231 /* WelcomeViewController.swift in Sources */,
				CFAE83D0241559E5007DB231 /* Post.swift in Sources */,
				CFAE83BD241554EE007DB231 /* LoginRequest.swift in Sources */,
				CFAE83C124155584007DB231 /* User.swift in Sources */,
				CF16ABEE24146C8E002C0DA1 /* AppDelegate.swift in Sources */,
				CF5F5ADA2418871300ED649F /* AddPostViewController.swift in Sources */,
				CFAE83CC2415592F007DB231 /* PostRequest.swift in Sources */,
				CFAE83C6241556D0007DB231 /* ErrorResponse.swift in Sources */,
				CFAE83D224155AB3007DB231 /* PostLocation.swift in Sources */,
				CFAE83BA241552EB007DB231 /* EndPoints.swift in Sources */,
				CFAE83BF24155536007DB231 /* LoginResponse.swift in Sources */,
				CFAE83C8241556FF007DB231 /* GeneralResponse.swift in Sources */,
				CF5F5AD5241880AC00ED649F /* TweetTableViewCell.swift in Sources */,
			);
			runOnlyForDeploymentPostprocessing = 0;
		};
/* End PBXSourcesBuildPhase section */

/* Begin PBXVariantGroup section */
		CF16ABF824146C8F002C0DA1 /* LaunchScreen.storyboard */ = {
			isa = PBXVariantGroup;
			children = (
				CF16ABF924146C8F002C0DA1 /* Base */,
			);
			name = LaunchScreen.storyboard;
			sourceTree = "<group>";
		};
/* End PBXVariantGroup section */

/* Begin XCBuildConfiguration section */
		CF16ABFC24146C8F002C0DA1 /* Debug */ = {
			isa = XCBuildConfiguration;
			buildSettings = {
				ALWAYS_SEARCH_USER_PATHS = NO;
				CLANG_ANALYZER_NONNULL = YES;
				CLANG_ANALYZER_NUMBER_OBJECT_CONVERSION = YES_AGGRESSIVE;
				CLANG_CXX_LANGUAGE_STANDARD = "gnu++14";
				CLANG_CXX_LIBRARY = "libc++";
				CLANG_ENABLE_MODULES = YES;
				CLANG_ENABLE_OBJC_ARC = YES;
				CLANG_ENABLE_OBJC_WEAK = YES;
				CLANG_WARN_BLOCK_CAPTURE_AUTORELEASING = YES;
				CLANG_WARN_BOOL_CONVERSION = YES;
				CLANG_WARN_COMMA = YES;
				CLANG_WARN_CONSTANT_CONVERSION = YES;
				CLANG_WARN_DEPRECATED_OBJC_IMPLEMENTATIONS = YES;
				CLANG_WARN_DIRECT_OBJC_ISA_USAGE = YES_ERROR;
				CLANG_WARN_DOCUMENTATION_COMMENTS = YES;
				CLANG_WARN_EMPTY_BODY = YES;
				CLANG_WARN_ENUM_CONVERSION = YES;
				CLANG_WARN_INFINITE_RECURSION = YES;
				CLANG_WARN_INT_CONVERSION = YES;
				CLANG_WARN_NON_LITERAL_NULL_CONVERSION = YES;
				CLANG_WARN_OBJC_IMPLICIT_RETAIN_SELF = YES;
				CLANG_WARN_OBJC_LITERAL_CONVERSION = YES;
				CLANG_WARN_OBJC_ROOT_CLASS = YES_ERROR;
				CLANG_WARN_RANGE_LOOP_ANALYSIS = YES;
				CLANG_WARN_STRICT_PROTOTYPES = YES;
				CLANG_WARN_SUSPICIOUS_MOVE = YES;
				CLANG_WARN_UNGUARDED_AVAILABILITY = YES_AGGRESSIVE;
				CLANG_WARN_UNREACHABLE_CODE = YES;
				CLANG_WARN__DUPLICATE_METHOD_MATCH = YES;
				COPY_PHASE_STRIP = NO;
				DEBUG_INFORMATION_FORMAT = dwarf;
				ENABLE_STRICT_OBJC_MSGSEND = YES;
				ENABLE_TESTABILITY = YES;
				GCC_C_LANGUAGE_STANDARD = gnu11;
				GCC_DYNAMIC_NO_PIC = NO;
				GCC_NO_COMMON_BLOCKS = YES;
				GCC_OPTIMIZATION_LEVEL = 0;
				GCC_PREPROCESSOR_DEFINITIONS = (
					"DEBUG=1",
					"$(inherited)",
				);
				GCC_WARN_64_TO_32_BIT_CONVERSION = YES;
				GCC_WARN_ABOUT_RETURN_TYPE = YES_ERROR;
				GCC_WARN_UNDECLARED_SELECTOR = YES;
				GCC_WARN_UNINITIALIZED_AUTOS = YES_AGGRESSIVE;
				GCC_WARN_UNUSED_FUNCTION = YES;
				GCC_WARN_UNUSED_VARIABLE = YES;
				IPHONEOS_DEPLOYMENT_TARGET = 13.2;
				MTL_ENABLE_DEBUG_INFO = INCLUDE_SOURCE;
				MTL_FAST_MATH = YES;
				ONLY_ACTIVE_ARCH = YES;
				SDKROOT = iphoneos;
				SWIFT_ACTIVE_COMPILATION_CONDITIONS = DEBUG;
				SWIFT_OPTIMIZATION_LEVEL = "-Onone";
			};
			name = Debug;
		};
		CF16ABFD24146C8F002C0DA1 /* Release */ = {
			isa = XCBuildConfiguration;
			buildSettings = {
				ALWAYS_SEARCH_USER_PATHS = NO;
				CLANG_ANALYZER_NONNULL = YES;
				CLANG_ANALYZER_NUMBER_OBJECT_CONVERSION = YES_AGGRESSIVE;
				CLANG_CXX_LANGUAGE_STANDARD = "gnu++14";
				CLANG_CXX_LIBRARY = "libc++";
				CLANG_ENABLE_MODULES = YES;
				CLANG_ENABLE_OBJC_ARC = YES;
				CLANG_ENABLE_OBJC_WEAK = YES;
				CLANG_WARN_BLOCK_CAPTURE_AUTORELEASING = YES;
				CLANG_WARN_BOOL_CONVERSION = YES;
				CLANG_WARN_COMMA = YES;
				CLANG_WARN_CONSTANT_CONVERSION = YES;
				CLANG_WARN_DEPRECATED_OBJC_IMPLEMENTATIONS = YES;
				CLANG_WARN_DIRECT_OBJC_ISA_USAGE = YES_ERROR;
				CLANG_WARN_DOCUMENTATION_COMMENTS = YES;
				CLANG_WARN_EMPTY_BODY = YES;
				CLANG_WARN_ENUM_CONVERSION = YES;
				CLANG_WARN_INFINITE_RECURSION = YES;
				CLANG_WARN_INT_CONVERSION = YES;
				CLANG_WARN_NON_LITERAL_NULL_CONVERSION = YES;
				CLANG_WARN_OBJC_IMPLICIT_RETAIN_SELF = YES;
				CLANG_WARN_OBJC_LITERAL_CONVERSION = YES;
				CLANG_WARN_OBJC_ROOT_CLASS = YES_ERROR;
				CLANG_WARN_RANGE_LOOP_ANALYSIS = YES;
				CLANG_WARN_STRICT_PROTOTYPES = YES;
				CLANG_WARN_SUSPICIOUS_MOVE = YES;
				CLANG_WARN_UNGUARDED_AVAILABILITY = YES_AGGRESSIVE;
				CLANG_WARN_UNREACHABLE_CODE = YES;
				CLANG_WARN__DUPLICATE_METHOD_MATCH = YES;
				COPY_PHASE_STRIP = NO;
				DEBUG_INFORMATION_FORMAT = "dwarf-with-dsym";
				ENABLE_NS_ASSERTIONS = NO;
				ENABLE_STRICT_OBJC_MSGSEND = YES;
				GCC_C_LANGUAGE_STANDARD = gnu11;
				GCC_NO_COMMON_BLOCKS = YES;
				GCC_WARN_64_TO_32_BIT_CONVERSION = YES;
				GCC_WARN_ABOUT_RETURN_TYPE = YES_ERROR;
				GCC_WARN_UNDECLARED_SELECTOR = YES;
				GCC_WARN_UNINITIALIZED_AUTOS = YES_AGGRESSIVE;
				GCC_WARN_UNUSED_FUNCTION = YES;
				GCC_WARN_UNUSED_VARIABLE = YES;
				IPHONEOS_DEPLOYMENT_TARGET = 13.2;
				MTL_ENABLE_DEBUG_INFO = NO;
				MTL_FAST_MATH = YES;
				SDKROOT = iphoneos;
				SWIFT_COMPILATION_MODE = wholemodule;
				SWIFT_OPTIMIZATION_LEVEL = "-O";
				VALIDATE_PRODUCT = YES;
			};
			name = Release;
		};
		CF16ABFF24146C8F002C0DA1 /* Debug */ = {
			isa = XCBuildConfiguration;
			baseConfigurationReference = CE977E0DAC722006A83C2605 /* Pods-PlatziTweets.debug.xcconfig */;
			buildSettings = {
				ASSETCATALOG_COMPILER_APPICON_NAME = AppIcon;
				CODE_SIGN_STYLE = Automatic;
				DEVELOPMENT_TEAM = TNSM43P2F3;
				INFOPLIST_FILE = PlatziTweets/Info.plist;
				IPHONEOS_DEPLOYMENT_TARGET = 10.3;
				LD_RUNPATH_SEARCH_PATHS = (
					"$(inherited)",
					"@executable_path/Frameworks",
				);
				PRODUCT_BUNDLE_IDENTIFIER = com.javiercueto.PlatziTweets;
				PRODUCT_NAME = "$(TARGET_NAME)";
				SWIFT_VERSION = 5.0;
				TARGETED_DEVICE_FAMILY = 1;
			};
			name = Debug;
		};
		CF16AC0024146C8F002C0DA1 /* Release */ = {
			isa = XCBuildConfiguration;
			baseConfigurationReference = F4A9FC58DEC8A91C390196B0 /* Pods-PlatziTweets.release.xcconfig */;
			buildSettings = {
				ASSETCATALOG_COMPILER_APPICON_NAME = AppIcon;
				CODE_SIGN_STYLE = Automatic;
				DEVELOPMENT_TEAM = TNSM43P2F3;
				INFOPLIST_FILE = PlatziTweets/Info.plist;
				IPHONEOS_DEPLOYMENT_TARGET = 10.3;
				LD_RUNPATH_SEARCH_PATHS = (
					"$(inherited)",
					"@executable_path/Frameworks",
				);
				PRODUCT_BUNDLE_IDENTIFIER = com.javiercueto.PlatziTweets;
				PRODUCT_NAME = "$(TARGET_NAME)";
				SWIFT_VERSION = 5.0;
				TARGETED_DEVICE_FAMILY = 1;
			};
			name = Release;
		};
/* End XCBuildConfiguration section */

/* Begin XCConfigurationList section */
		CF16ABE524146C8E002C0DA1 /* Build configuration list for PBXProject "PlatziTweets" */ = {
			isa = XCConfigurationList;
			buildConfigurations = (
				CF16ABFC24146C8F002C0DA1 /* Debug */,
				CF16ABFD24146C8F002C0DA1 /* Release */,
			);
			defaultConfigurationIsVisible = 0;
			defaultConfigurationName = Release;
		};
		CF16ABFE24146C8F002C0DA1 /* Build configuration list for PBXNativeTarget "PlatziTweets" */ = {
			isa = XCConfigurationList;
			buildConfigurations = (
				CF16ABFF24146C8F002C0DA1 /* Debug */,
				CF16AC0024146C8F002C0DA1 /* Release */,
			);
			defaultConfigurationIsVisible = 0;
			defaultConfigurationName = Release;
		};
/* End XCConfigurationList section */
	};
	rootObject = CF16ABE224146C8E002C0DA1 /* Project object */;
}
